
Microsoft Visual Studio Solution File, Format Version 12.00
# Visual Studio 15
VisualStudioVersion = 15.0.28010.2003
MinimumVisualStudioVersion = 10.0.40219.1
Project("{8BC9CEB8-8B4A-11D0-8D11-00A0C91BC942}") = "dbmsproject1", "dbmsproject1\dbmsproject1.vcxproj", "{D95BF0D1-0E32-449C-8691-913D22FCD1E6}"
EndProject
Global
	GlobalSection(SolutionConfigurationPlatforms) = preSolution
		Debug|x64 = Debug|x64
		Debug|x86 = Debug|x86
		Release|x64 = Release|x64
		Release|x86 = Release|x86
	EndGlobalSection
	GlobalSection(ProjectConfigurationPlatforms) = postSolution
		{D95BF0D1-0E32-449C-8691-913D22FCD1E6}.Debug|x64.ActiveCfg = Debug|x64
		{D95BF0D1-0E32-449C-8691-913D22FCD1E6}.Debug|x64.Build.0 = Debug|x64
		{D95BF0D1-0E32-449C-8691-913D22FCD1E6}.Debug|x86.ActiveCfg = Debug|Win32
		{D95BF0D1-0E32-449C-8691-913D22FCD1E6}.Debug|x86.Build.0 = Debug|Win32
		{D95BF0D1-0E32-449C-8691-913D22FCD1E6}.Release|x64.ActiveCfg = Release|x64
		{D95BF0D1-0E32-449C-8691-913D22FCD1E6}.Release|x64.Build.0 = Release|x64
		{D95BF0D1-0E32-449C-8691-913D22FCD1E6}.Release|x86.ActiveCfg = Release|Win32
		{D95BF0D1-0E32-449C-8691-913D22FCD1E6}.Release|x86.Build.0 = Release|Win32
	EndGlobalSection
	GlobalSection(SolutionProperties) = preSolution
		HideSolutionNode = FALSE
	EndGlobalSection
	GlobalSection(ExtensibilityGlobals) = postSolution
		SolutionGuid = {E32C713B-FE0C-4D60-9E9B-18B96CD3291E}
	EndGlobalSection
EndGlobal
