<?xml version="1.0" encoding="utf-8"?>
<Project ToolsVersion="4.0" xmlns="http://schemas.microsoft.com/developer/msbuild/2003">
  <ItemGroup>
    <Filter Include="Source Files">
      <UniqueIdentifier>{4FC737F1-C7A5-4376-A066-2A32D752A2FF}</UniqueIdentifier>
      <Extensions>cpp;c;cc;cxx;def;odl;idl;hpj;bat;asm;asmx</Extensions>
    </Filter>
    <Filter Include="Header Files">
      <UniqueIdentifier>{93995380-89BD-4b04-88EB-625FBE52EBFB}</UniqueIdentifier>
      <Extensions>h;hh;hpp;hxx;hm;inl;inc;ipp;xsd</Extensions>
    </Filter>
    <Filter Include="Resource Files">
      <UniqueIdentifier>{67DA6AB6-F800-4c08-8B7A-83BB121AAD01}</UniqueIdentifier>
      <Extensions>rc;ico;cur;bmp;dlg;rc2;rct;bin;rgs;gif;jpg;jpeg;jpe;resx;tiff;tif;png;wav;mfcribbon-ms</Extensions>
    </Filter>
  </ItemGroup>
  <ItemGroup>
    <ClCompile Include="mainForm.cpp">
      <Filter>Source Files</Filter>
    </ClCompile>
    <ClCompile Include="usersForm.cpp">
      <Filter>Source Files</Filter>
    </ClCompile>
    <ClCompile Include="DatabaseCon.cpp">
      <Filter>Source Files</Filter>
    </ClCompile>
    <ClCompile Include="Utils.cpp">
      <Filter>Source Files</Filter>
    </ClCompile>
    <ClCompile Include="addTrain.cpp">
      <Filter>Source Files</Filter>
    </ClCompile>
    <ClCompile Include="addTimeTable.cpp">
      <Filter>Source Files</Filter>
    </ClCompile>
    <ClCompile Include="createTicket.cpp">
      <Filter>Source Files</Filter>
    </ClCompile>
    <ClCompile Include="viewTickets.cpp">
      <Filter>Source Files</Filter>
    </ClCompile>
    <ClCompile Include="viewTimeTable.cpp">
      <Filter>Source Files</Filter>
    </ClCompile>
    <ClCompile Include="viewTrains.cpp">
      <Filter>Source Files</Filter>
    </ClCompile>
  </ItemGroup>
  <ItemGroup>
    <ClInclude Include="mainForm.h">
      <Filter>Header Files</Filter>
    </ClInclude>
    <ClInclude Include="usersForm.h">
      <Filter>Header Files</Filter>
    </ClInclude>
    <ClInclude Include="DatabaseCon.h">
      <Filter>Header Files</Filter>
    </ClInclude>
    <ClInclude Include="Utils.h">
      <Filter>Header Files</Filter>
    </ClInclude>
    <ClInclude Include="addTrain.h">
      <Filter>Header Files</Filter>
    </ClInclude>
    <ClInclude Include="addTimeTable.h">
      <Filter>Header Files</Filter>
    </ClInclude>
    <ClInclude Include="createTicket.h">
      <Filter>Header Files</Filter>
    </ClInclude>
    <ClInclude Include="viewTickets.h">
      <Filter>Header Files</Filter>
    </ClInclude>
    <ClInclude Include="viewTimeTable.h">
      <Filter>Header Files</Filter>
    </ClInclude>
    <ClInclude Include="viewTrains.h">
      <Filter>Header Files</Filter>
    </ClInclude>
  </ItemGroup>
  <ItemGroup>
    <EmbeddedResource Include="mainForm.resx">
      <Filter>Resource Files</Filter>
    </EmbeddedResource>
    <EmbeddedResource Include="usersForm.resx">
      <Filter>Resource Files</Filter>
    </EmbeddedResource>
    <EmbeddedResource Include="addTrain.resx">
      <Filter>Resource Files</Filter>
    </EmbeddedResource>
    <EmbeddedResource Include="addTimeTable.resx">
      <Filter>Resource Files</Filter>
    </EmbeddedResource>
    <EmbeddedResource Include="createTicket.resx">
      <Filter>Resource Files</Filter>
    </EmbeddedResource>
    <EmbeddedResource Include="viewTickets.resx">
      <Filter>Resource Files</Filter>
    </EmbeddedResource>
    <EmbeddedResource Include="viewTimeTable.resx">
      <Filter>Resource Files</Filter>
    </EmbeddedResource>
  </ItemGroup>
</Project>